{
  "object": {
    "pins": [
      {
        "package": "RxSwift",
        "repositoryURL": "https://github.com/lcg5450/RxSwift.git",
        "state": {
          "branch": null,
          "revision": "f7c6d1f0d2c779dd015b3440299a67d4909e1752",
          "version": "4.3.4"
        }
      }
    ]
  },
  "version": 1
}
