{
  "object": {
    "pins": [
      {
        "package": "RxSwift",
        "repositoryURL": "https://github.com/lcg5450/RxSwift.git",
        "state": {
          "branch": null,
          "revision": "68fd6d508f74674bd09ab73bf6633c3f7fc50c66",
          "version": "4.3.3"
        }
      }
    ]
  },
  "version": 1
}
